
Microsoft Visual Studio Solution File, Format Version 12.00
# Visual Studio Version 17
VisualStudioVersion = 17.14.36811.4
MinimumVisualStudioVersion = 10.0.40219.1
Project("{FAE04EC0-301F-11D3-BF4B-00C04F79EFBC}") = "EquipmentShop", "EquipmentShop\EquipmentShop.csproj", "{729E4967-3AED-4375-8046-338DB77A4460}"
EndProject
Project("{FAE04EC0-301F-11D3-BF4B-00C04F79EFBC}") = "Core", "Core\Core.csproj", "{A080310A-D657-4D7B-9602-623F9AB450B4}"
EndProject
Project("{FAE04EC0-301F-11D3-BF4B-00C04F79EFBC}") = "Infrastructure", "Infrastructure\Infrastructure.csproj", "{E504CD6F-42BC-4793-9C26-95531EA89573}"
EndProject
Global
	GlobalSection(SolutionConfigurationPlatforms) = preSolution
		Debug|Any CPU = Debug|Any CPU
		Release|Any CPU = Release|Any CPU
	EndGlobalSection
	GlobalSection(ProjectConfigurationPlatforms) = postSolution
		{729E4967-3AED-4375-8046-338DB77A4460}.Debug|Any CPU.ActiveCfg = Debug|Any CPU
		{729E4967-3AED-4375-8046-338DB77A4460}.Debug|Any CPU.Build.0 = Debug|Any CPU
		{729E4967-3AED-4375-8046-338DB77A4460}.Release|Any CPU.ActiveCfg = Release|Any CPU
		{729E4967-3AED-4375-8046-338DB77A4460}.Release|Any CPU.Build.0 = Release|Any CPU
		{A080310A-D657-4D7B-9602-623F9AB450B4}.Debug|Any CPU.ActiveCfg = Debug|Any CPU
		{A080310A-D657-4D7B-9602-623F9AB450B4}.Debug|Any CPU.Build.0 = Debug|Any CPU
		{A080310A-D657-4D7B-9602-623F9AB450B4}.Release|Any CPU.ActiveCfg = Release|Any CPU
		{A080310A-D657-4D7B-9602-623F9AB450B4}.Release|Any CPU.Build.0 = Release|Any CPU
		{E504CD6F-42BC-4793-9C26-95531EA89573}.Debug|Any CPU.ActiveCfg = Debug|Any CPU
		{E504CD6F-42BC-4793-9C26-95531EA89573}.Debug|Any CPU.Build.0 = Debug|Any CPU
		{E504CD6F-42BC-4793-9C26-95531EA89573}.Release|Any CPU.ActiveCfg = Release|Any CPU
		{E504CD6F-42BC-4793-9C26-95531EA89573}.Release|Any CPU.Build.0 = Release|Any CPU
	EndGlobalSection
	GlobalSection(SolutionProperties) = preSolution
		HideSolutionNode = FALSE
	EndGlobalSection
	GlobalSection(ExtensibilityGlobals) = postSolution
		SolutionGuid = {4E951BD7-ECB0-4AEB-AA34-7F7B55F802CB}
	EndGlobalSection
EndGlobal
